
Microsoft Visual Studio Solution File, Format Version 12.00
# Visual Studio Version 17
VisualStudioVersion = 17.2.32516.85
MinimumVisualStudioVersion = 10.0.40219.1
Project("{8BC9CEB8-8B4A-11D0-8D11-00A0C91BC942}") = "Audiere", "Audiere\Audiere.vcxproj", "{717E1352-B749-43F4-BC2B-9D9784DB958A}"
EndProject
Global
	GlobalSection(SolutionConfigurationPlatforms) = preSolution
		Debug|x64 = Debug|x64
		Debug|x86 = Debug|x86
		Release|x64 = Release|x64
		Release|x86 = Release|x86
	EndGlobalSection
	GlobalSection(ProjectConfigurationPlatforms) = postSolution
		{717E1352-B749-43F4-BC2B-9D9784DB958A}.Debug|x64.ActiveCfg = Debug|x64
		{717E1352-B749-43F4-BC2B-9D9784DB958A}.Debug|x64.Build.0 = Debug|x64
		{717E1352-B749-43F4-BC2B-9D9784DB958A}.Debug|x86.ActiveCfg = Debug|Win32
		{717E1352-B749-43F4-BC2B-9D9784DB958A}.Debug|x86.Build.0 = Debug|Win32
		{717E1352-B749-43F4-BC2B-9D9784DB958A}.Release|x64.ActiveCfg = Release|x64
		{717E1352-B749-43F4-BC2B-9D9784DB958A}.Release|x64.Build.0 = Release|x64
		{717E1352-B749-43F4-BC2B-9D9784DB958A}.Release|x86.ActiveCfg = Release|Win32
		{717E1352-B749-43F4-BC2B-9D9784DB958A}.Release|x86.Build.0 = Release|Win32
	EndGlobalSection
	GlobalSection(SolutionProperties) = preSolution
		HideSolutionNode = FALSE
	EndGlobalSection
	GlobalSection(ExtensibilityGlobals) = postSolution
		SolutionGuid = {A813CAFE-38EB-4B4C-B659-652425CFF98E}
	EndGlobalSection
EndGlobal
